
Microsoft Visual Studio Solution File, Format Version 12.00
# Visual Studio Version 16
VisualStudioVersion = 16.0.33529.622
MinimumVisualStudioVersion = 10.0.40219.1
Project("{FAE04EC0-301F-11D3-BF4B-00C04F79EFBC}") = "dz_11.04", "11.04.23_HW\dz_11.04.csproj", "{72185AB1-DA44-4653-AA67-F6DB970F5070}"
EndProject
Global
	GlobalSection(SolutionConfigurationPlatforms) = preSolution
		Debug|Any CPU = Debug|Any CPU
		Release|Any CPU = Release|Any CPU
	EndGlobalSection
	GlobalSection(ProjectConfigurationPlatforms) = postSolution
		{72185AB1-DA44-4653-AA67-F6DB970F5070}.Debug|Any CPU.ActiveCfg = Debug|Any CPU
		{72185AB1-DA44-4653-AA67-F6DB970F5070}.Debug|Any CPU.Build.0 = Debug|Any CPU
		{72185AB1-DA44-4653-AA67-F6DB970F5070}.Release|Any CPU.ActiveCfg = Release|Any CPU
		{72185AB1-DA44-4653-AA67-F6DB970F5070}.Release|Any CPU.Build.0 = Release|Any CPU
	EndGlobalSection
	GlobalSection(SolutionProperties) = preSolution
		HideSolutionNode = FALSE
	EndGlobalSection
	GlobalSection(ExtensibilityGlobals) = postSolution
		SolutionGuid = {46B3F1D7-74A1-41C2-9852-6C2EB1ECE49C}
	EndGlobalSection
EndGlobal
